<?xml version="1.0" encoding="utf-8"?>
<Project ToolsVersion="4.0" xmlns="http://schemas.microsoft.com/developer/msbuild/2003">
  <ItemGroup>
    <Filter Include="Source Files">
      <UniqueIdentifier>{4FC737F1-C7A5-4376-A066-2A32D752A2FF}</UniqueIdentifier>
      <Extensions>cpp;c;cc;cxx;c++;cppm;ixx;def;odl;idl;hpj;bat;asm;asmx</Extensions>
    </Filter>
    <Filter Include="Header Files">
      <UniqueIdentifier>{93995380-89BD-4b04-88EB-625FBE52EBFB}</UniqueIdentifier>
      <Extensions>h;hh;hpp;hxx;h++;hm;inl;inc;ipp;xsd</Extensions>
    </Filter>
    <Filter Include="Resource Files">
      <UniqueIdentifier>{67DA6AB6-F800-4c08-8B7A-83BB121AAD01}</UniqueIdentifier>
      <Extensions>rc;ico;cur;bmp;dlg;rc2;rct;bin;rgs;gif;jpg;jpeg;jpe;resx;tiff;tif;png;wav;mfcribbon-ms</Extensions>
    </Filter>
    <Filter Include="Header Files\FunctionHeaders">
      <UniqueIdentifier>{707e135e-0b2e-4276-af35-5d86e93494c3}</UniqueIdentifier>
    </Filter>
    <Filter Include="Header Files\LuauClasses">
      <UniqueIdentifier>{d8e2766c-a64f-4c4d-9bfa-f2ef313a9d3b}</UniqueIdentifier>
    </Filter>
    <Filter Include="Header Files\OtherClasses">
      <UniqueIdentifier>{ffb9d4cf-10c8-4f7d-9429-a05aff3172a0}</UniqueIdentifier>
    </Filter>
    <Filter Include="Header Files\GameClasses">
      <UniqueIdentifier>{58815262-861a-47a2-a869-aa0c40465023}</UniqueIdentifier>
    </Filter>
    <Filter Include="Header Files\SDLClasses">
      <UniqueIdentifier>{d5774539-60a0-47ee-a191-4fa1dac7bde2}</UniqueIdentifier>
    </Filter>
    <Filter Include="Header Files\OpenGLObjects">
      <UniqueIdentifier>{b2c55903-dfe5-4288-b3ea-a03505e9544c}</UniqueIdentifier>
    </Filter>
    <Filter Include="Header Files\OpenGLObjects\Doomspire">
      <UniqueIdentifier>{c931ed04-a4f6-44c2-b682-1790dc82d757}</UniqueIdentifier>
    </Filter>
    <Filter Include="Header Files\OpenGLObjects\UniformBuffers">
      <UniqueIdentifier>{c493a692-0313-470a-9aa8-9005b05e4d61}</UniqueIdentifier>
    </Filter>
    <Filter Include="Resource Files\textures">
      <UniqueIdentifier>{3059bda0-7773-476a-a39c-7c8fe403c6c9}</UniqueIdentifier>
    </Filter>
    <Filter Include="Header Files\ItemClasses">
      <UniqueIdentifier>{12fe1dc1-9ca4-4a8a-87ae-639a4f8b6492}</UniqueIdentifier>
    </Filter>
    <Filter Include="Header Files\Enums">
      <UniqueIdentifier>{8c760889-15b1-4067-b439-c11fb4255cf8}</UniqueIdentifier>
    </Filter>
    <Filter Include="Header Files\OpenGLObjects\Quad">
      <UniqueIdentifier>{89421dbb-6318-49c6-beb7-00e6bafabeb9}</UniqueIdentifier>
    </Filter>
    <Filter Include="Header Files\OpenGLObjects\TutorialBubble">
      <UniqueIdentifier>{9fdf2241-f57b-4520-a853-2bc351928910}</UniqueIdentifier>
    </Filter>
    <Filter Include="Header Files\OpenGLObjects\Bottle">
      <UniqueIdentifier>{34bf9aae-1cf9-46cf-8c92-0c6557b41c60}</UniqueIdentifier>
    </Filter>
    <Filter Include="Resource Files\CommonShaders">
      <UniqueIdentifier>{174b4ff0-0023-4b0e-8438-318a0ebef178}</UniqueIdentifier>
    </Filter>
    <Filter Include="Header Files\OpenGLObjects\BaseClasses">
      <UniqueIdentifier>{aac391e4-0b46-4329-bc6b-72fa5f747c62}</UniqueIdentifier>
    </Filter>
    <Filter Include="Header Files\ItemClasses\BaseClasses">
      <UniqueIdentifier>{a128098a-4ba7-4a45-bf99-0907b77aaa8b}</UniqueIdentifier>
    </Filter>
    <Filter Include="Header Files\LuaClasses">
      <UniqueIdentifier>{1bff4b47-1ebd-47ff-b455-ce9686c3cddb}</UniqueIdentifier>
    </Filter>
    <Filter Include="Header Files\LuaLibraries">
      <UniqueIdentifier>{481c448b-5fd9-4a0e-9646-06b767f3fea8}</UniqueIdentifier>
    </Filter>
    <Filter Include="Source Files\ItemClasses">
      <UniqueIdentifier>{8ef4dbda-8a12-44cb-9f84-a8868e7fdef6}</UniqueIdentifier>
    </Filter>
    <Filter Include="Source Files\EnemyClasses">
      <UniqueIdentifier>{50dcb331-78b8-4f78-8b6b-e69418aa5e18}</UniqueIdentifier>
    </Filter>
    <Filter Include="Source Files\InteractClasses">
      <UniqueIdentifier>{51c526e8-4382-47b4-86dc-871089c3006d}</UniqueIdentifier>
    </Filter>
  </ItemGroup>
  <ItemGroup>
    <ClCompile Include="main.cpp">
      <Filter>Source Files</Filter>
    </ClCompile>
    <ClCompile Include="OpenGLObjects\ColoredModelBase.cpp">
      <Filter>Header Files\OpenGLObjects\BaseClasses</Filter>
    </ClCompile>
    <ClCompile Include="OpenGLObjects\ModelBase.cpp">
      <Filter>Header Files\OpenGLObjects\BaseClasses</Filter>
    </ClCompile>
    <ClCompile Include="OpenGLObjects\ObjectBase.cpp">
      <Filter>Header Files\OpenGLObjects\BaseClasses</Filter>
    </ClCompile>
    <ClCompile Include="OpenGLObjects\TexturedModelBase.cpp">
      <Filter>Header Files\OpenGLObjects\BaseClasses</Filter>
    </ClCompile>
    <ClCompile Include="ItemClasses\ItemBase.cpp">
      <Filter>Header Files\ItemClasses\BaseClasses</Filter>
    </ClCompile>
    <ClCompile Include="ItemClasses\NotPhysicalItemBase.cpp">
      <Filter>Header Files\ItemClasses\BaseClasses</Filter>
    </ClCompile>
    <ClCompile Include="OpenGLObjects\ParentedColoredModelBase.cpp">
      <Filter>Header Files\OpenGLObjects\BaseClasses</Filter>
    </ClCompile>
  </ItemGroup>
  <ItemGroup>
    <ClInclude Include="OpenGLObjects.hpp">
      <Filter>Header Files\OpenGLObjects</Filter>
    </ClInclude>
    <ClInclude Include="OtherClasses\GLClasses.hpp">
      <Filter>Header Files\OtherClasses</Filter>
    </ClInclude>
    <ClInclude Include="OpenGLObjects\Quad.hpp">
      <Filter>Header Files\OpenGLObjects\Quad</Filter>
    </ClInclude>
    <ClInclude Include="SDLClasses\InputHandler.hpp">
      <Filter>Header Files\SDLClasses</Filter>
    </ClInclude>
    <ClInclude Include="SDLClasses\Window.hpp">
      <Filter>Header Files\SDLClasses</Filter>
    </ClInclude>
    <ClInclude Include="LuauClasses\Vector3.hpp">
      <Filter>Header Files\LuauClasses</Filter>
    </ClInclude>
    <ClInclude Include="LuauClasses\BindableEvent.hpp">
      <Filter>Header Files\LuauClasses</Filter>
    </ClInclude>
    <ClInclude Include="LuauClasses\CFrame.hpp">
      <Filter>Header Files\LuauClasses</Filter>
    </ClInclude>
    <ClInclude Include="LuauClasses\Vector2.hpp">
      <Filter>Header Files\LuauClasses</Filter>
    </ClInclude>
    <ClInclude Include="file.hpp">
      <Filter>Header Files</Filter>
    </ClInclude>
    <ClInclude Include="FunctionHeaders\AppendCstring.hpp">
      <Filter>Header Files\FunctionHeaders</Filter>
    </ClInclude>
    <ClInclude Include="GameClasses\Player.hpp">
      <Filter>Header Files\GameClasses</Filter>
    </ClInclude>
    <ClInclude Include="FunctionHeaders\RenderingFunctions.hpp">
      <Filter>Header Files\FunctionHeaders</Filter>
    </ClInclude>
    <ClInclude Include="FunctionHeaders\Maths.hpp">
      <Filter>Header Files\FunctionHeaders</Filter>
    </ClInclude>
    <ClInclude Include="OpenGLObjects\doomspire.hpp">
      <Filter>Header Files\OpenGLObjects\Doomspire</Filter>
    </ClInclude>
    <ClInclude Include="OtherClasses\SmartPointer.hpp">
      <Filter>Header Files\OtherClasses</Filter>
    </ClInclude>
    <ClInclude Include="IntTypes.h">
      <Filter>Header Files</Filter>
    </ClInclude>
    <ClInclude Include="FunctionHeaders\Error.hpp">
      <Filter>Header Files\FunctionHeaders</Filter>
    </ClInclude>
    <ClInclude Include="OpenGLObjects\UniformBuffers\WindowSize.hpp">
      <Filter>Header Files\OpenGLObjects\UniformBuffers</Filter>
    </ClInclude>
    <ClInclude Include="GameClasses\ObjectManager.hpp">
      <Filter>Header Files\GameClasses</Filter>
    </ClInclude>
    <ClInclude Include="OpenGLObjects\UniformBuffers\RenderingMatrices.hpp">
      <Filter>Header Files\OpenGLObjects\UniformBuffers</Filter>
    </ClInclude>
    <ClInclude Include="LuauClasses\task.hpp">
      <Filter>Header Files\LuauClasses</Filter>
    </ClInclude>
    <ClInclude Include="GameClasses\TextureManager.hpp">
      <Filter>Header Files\GameClasses</Filter>
    </ClInclude>
    <ClInclude Include="ItemClasses\Dagger.hpp">
      <Filter>Header Files\ItemClasses</Filter>
    </ClInclude>
    <ClInclude Include="ItemClasses\NoWeapon.hpp">
      <Filter>Header Files\ItemClasses</Filter>
    </ClInclude>
    <ClInclude Include="Enums\ItemTypeEnums.hpp">
      <Filter>Header Files\Enums</Filter>
    </ClInclude>
    <ClInclude Include="GameClasses\Items.hpp">
      <Filter>Header Files\GameClasses</Filter>
    </ClInclude>
    <ClInclude Include="ItemClasses\ItemClasses.hpp">
      <Filter>Header Files\ItemClasses</Filter>
    </ClInclude>
    <ClInclude Include="Enums\UniformBufferBindingIndexes.hpp">
      <Filter>Header Files\Enums</Filter>
    </ClInclude>
    <ClInclude Include="OpenGLObjects\TutorialBubble.hpp">
      <Filter>Header Files\OpenGLObjects\TutorialBubble</Filter>
    </ClInclude>
    <ClInclude Include="OtherClasses\ExpandableArray.hpp">
      <Filter>Header Files\OtherClasses</Filter>
    </ClInclude>
    <ClInclude Include="SDLClasses\Sound.hpp">
      <Filter>Header Files\SDLClasses</Filter>
    </ClInclude>
    <ClInclude Include="OpenGLObjects\Dagger.hpp">
      <Filter>Header Files\OpenGLObjects</Filter>
    </ClInclude>
    <ClInclude Include="OpenGLObjects\SoulBottle.hpp">
      <Filter>Header Files\OpenGLObjects</Filter>
    </ClInclude>
    <ClInclude Include="OpenGLObjects\BottleC.hpp">
      <Filter>Header Files\OpenGLObjects</Filter>
    </ClInclude>
    <ClInclude Include="OpenGLObjects\BottleG.hpp">
      <Filter>Header Files\OpenGLObjects</Filter>
    </ClInclude>
    <ClInclude Include="OpenGLObjects\BottleR.hpp">
      <Filter>Header Files\OpenGLObjects</Filter>
    </ClInclude>
    <ClInclude Include="OpenGLObjects\BottleY.hpp">
      <Filter>Header Files\OpenGLObjects</Filter>
    </ClInclude>
    <ClInclude Include="OpenGLObjects\Fabric.hpp">
      <Filter>Header Files\OpenGLObjects</Filter>
    </ClInclude>
    <ClInclude Include="OpenGLObjects\Rock.hpp">
      <Filter>Header Files\OpenGLObjects</Filter>
    </ClInclude>
    <ClInclude Include="OpenGLObjects\Rope.hpp">
      <Filter>Header Files\OpenGLObjects</Filter>
    </ClInclude>
    <ClInclude Include="OpenGLObjects\Stick.hpp">
      <Filter>Header Files\OpenGLObjects</Filter>
    </ClInclude>
    <ClInclude Include="OpenGLObjects\Bottle.hpp">
      <Filter>Header Files\OpenGLObjects\Bottle</Filter>
    </ClInclude>
    <ClInclude Include="ItemClasses\BottleY.hpp">
      <Filter>Header Files\ItemClasses</Filter>
    </ClInclude>
    <ClInclude Include="ItemClasses\Bottle.hpp">
      <Filter>Header Files\ItemClasses</Filter>
    </ClInclude>
    <ClInclude Include="ItemClasses\BottleB.hpp">
      <Filter>Header Files\ItemClasses</Filter>
    </ClInclude>
    <ClInclude Include="ItemClasses\BottleC.hpp">
      <Filter>Header Files\ItemClasses</Filter>
    </ClInclude>
    <ClInclude Include="ItemClasses\BottleG.hpp">
      <Filter>Header Files\ItemClasses</Filter>
    </ClInclude>
    <ClInclude Include="ItemClasses\BottleR.hpp">
      <Filter>Header Files\ItemClasses</Filter>
    </ClInclude>
    <ClInclude Include="ItemClasses\Rock.hpp">
      <Filter>Header Files\ItemClasses</Filter>
    </ClInclude>
    <ClInclude Include="ItemClasses\Rope.hpp">
      <Filter>Header Files\ItemClasses</Filter>
    </ClInclude>
    <ClInclude Include="ItemClasses\Stick.hpp">
      <Filter>Header Files\ItemClasses</Filter>
    </ClInclude>
    <ClInclude Include="ItemClasses\Fabric.hpp">
      <Filter>Header Files\ItemClasses</Filter>
    </ClInclude>
    <ClInclude Include="OpenGLObjects\ModelBase.hpp">
      <Filter>Header Files\OpenGLObjects\BaseClasses</Filter>
    </ClInclude>
    <ClInclude Include="OpenGLObjects\ObjectBase.hpp">
      <Filter>Header Files\OpenGLObjects\BaseClasses</Filter>
    </ClInclude>
    <ClInclude Include="OpenGLObjects\TexturedModelBase.hpp">
      <Filter>Header Files\OpenGLObjects\BaseClasses</Filter>
    </ClInclude>
    <ClInclude Include="OpenGLObjects\ParentedTexturedModelBase.hpp">
      <Filter>Header Files\OpenGLObjects\BaseClasses</Filter>
    </ClInclude>
    <ClInclude Include="OpenGLObjects\ParentedColoredModelBase.hpp">
      <Filter>Header Files\OpenGLObjects\BaseClasses</Filter>
    </ClInclude>
    <ClInclude Include="OpenGLObjects\ColoredModelBase.hpp">
      <Filter>Header Files\OpenGLObjects\BaseClasses</Filter>
    </ClInclude>
    <ClInclude Include="FunctionHeaders\Random.hpp">
      <Filter>Header Files\FunctionHeaders</Filter>
    </ClInclude>
    <ClInclude Include="OpenGLObjects\ViewArmRight.hpp">
      <Filter>Header Files\OpenGLObjects</Filter>
    </ClInclude>
    <ClInclude Include="ItemClasses\SoulBottleBase.hpp">
      <Filter>Header Files\ItemClasses\BaseClasses</Filter>
    </ClInclude>
    <ClInclude Include="ItemClasses\ItemBase.hpp">
      <Filter>Header Files\ItemClasses\BaseClasses</Filter>
    </ClInclude>
    <ClInclude Include="ItemClasses\MeleeWeaponBase.hpp">
      <Filter>Header Files\ItemClasses\BaseClasses</Filter>
    </ClInclude>
    <ClInclude Include="ItemClasses\NotPhysicalItemBase.hpp">
      <Filter>Header Files\ItemClasses\BaseClasses</Filter>
    </ClInclude>
    <ClInclude Include="ItemClasses\WeaponBase.hpp">
      <Filter>Header Files\ItemClasses\BaseClasses</Filter>
    </ClInclude>
    <ClInclude Include="LuaClasses\LuaTableBase.hpp">
      <Filter>Header Files\LuaClasses</Filter>
    </ClInclude>
    <ClInclude Include="LuaClasses\LuaContext.hpp">
      <Filter>Header Files\LuaClasses</Filter>
    </ClInclude>
    <ClInclude Include="LuaClasses\LuaGlobalTable.hpp">
      <Filter>Header Files\LuaClasses</Filter>
    </ClInclude>
    <ClInclude Include="LuaClasses\LuaScript.hpp">
      <Filter>Header Files\LuaClasses</Filter>
    </ClInclude>
    <ClInclude Include="LuaClasses\LuaTable.hpp">
      <Filter>Header Files\LuaClasses</Filter>
    </ClInclude>
    <ClInclude Include="LuaTypes.h">
      <Filter>Header Files</Filter>
    </ClInclude>
    <ClInclude Include="LuaLibraries\OpenGL.hpp">
      <Filter>Header Files\LuaLibraries</Filter>
    </ClInclude>
    <ClInclude Include="LuaDebug.hpp">
      <Filter>Header Files</Filter>
    </ClInclude>
    <ClInclude Include="LuaLibraries\buffer.hpp">
      <Filter>Header Files\LuaLibraries</Filter>
    </ClInclude>
    <ClInclude Include="Enums\Enums.hpp">
      <Filter>Header Files\Enums</Filter>
    </ClInclude>
  </ItemGroup>
  <ItemGroup>
    <None Include="Release\shaders\quad.vert">
      <Filter>Header Files\OpenGLObjects\Quad</Filter>
    </None>
    <None Include="Release\shaders\quad.frag">
      <Filter>Header Files\OpenGLObjects\Quad</Filter>
    </None>
    <None Include="Release\shaders\doomspire.frag">
      <Filter>Header Files\OpenGLObjects\Doomspire</Filter>
    </None>
    <None Include="Release\shaders\doomspire.vert">
      <Filter>Header Files\OpenGLObjects\Doomspire</Filter>
    </None>
    <None Include="Release\shaders\TutorialBubble.frag">
      <Filter>Header Files\OpenGLObjects\TutorialBubble</Filter>
    </None>
    <None Include="Release\shaders\TutorialBubble.vert">
      <Filter>Header Files\OpenGLObjects\TutorialBubble</Filter>
    </None>
    <None Include="Release\shaders\ShadedColorModel.vert">
      <Filter>Resource Files\CommonShaders</Filter>
    </None>
    <None Include="Release\shaders\ShadedColor.frag">
      <Filter>Resource Files\CommonShaders</Filter>
    </None>
    <None Include="Release\shaders\ShadedTexture.frag">
      <Filter>Resource Files\CommonShaders</Filter>
    </None>
    <None Include="Release\shaders\ShadedTextureModel.vert">
      <Filter>Resource Files\CommonShaders</Filter>
    </None>
    <None Include="Release\ItemClasses\NoWeapon.lua">
      <Filter>Source Files\ItemClasses</Filter>
    </None>
    <None Include="Release\ItemClasses\ItemBase.lua">
      <Filter>Source Files\ItemClasses</Filter>
    </None>
    <None Include="Release\ItemClasses\Dagger.lua">
      <Filter>Source Files\ItemClasses</Filter>
    </None>
    <None Include="Release\Items.lua">
      <Filter>Source Files</Filter>
    </None>
    <None Include="Release\GameLoop.lua">
      <Filter>Source Files</Filter>
    </None>
    <None Include="Release\Enemies.lua">
      <Filter>Source Files</Filter>
    </None>
    <None Include="Release\Interaction.lua">
      <Filter>Source Files</Filter>
    </None>
    <None Include="Release\InteractClasses\InteractableBase.lua">
      <Filter>Source Files\InteractClasses</Filter>
    </None>
    <None Include="Release\EnemyClasses\EnemyBase.lua">
      <Filter>Source Files\EnemyClasses</Filter>
    </None>
    <None Include="Release\ItemClasses\WeaponBase.lua">
      <Filter>Source Files\ItemClasses</Filter>
    </None>
  </ItemGroup>
  <ItemGroup>
    <Image Include="Release\textures\missing.bmp">
      <Filter>Resource Files\textures</Filter>
    </Image>
    <Image Include="Release\textures\viewarm_palette.bmp">
      <Filter>Resource Files\textures</Filter>
    </Image>
    <Image Include="Release\textures\test.bmp">
      <Filter>Resource Files\textures</Filter>
    </Image>
  </ItemGroup>
</Project>